
Microsoft Visual Studio Solution File, Format Version 12.00
# Visual Studio 15
VisualStudioVersion = 15.0.28307.271
MinimumVisualStudioVersion = 10.0.40219.1
Project("{FAE04EC0-301F-11D3-BF4B-00C04F79EFBC}") = "App6.Android", "App6\App6.Android\App6.Android.csproj", "{ABE98837-29A8-4FC4-9F9D-BEC69EC41361}"
EndProject
Project("{FAE04EC0-301F-11D3-BF4B-00C04F79EFBC}") = "App6.iOS", "App6\App6.iOS\App6.iOS.csproj", "{B47343FC-7709-4281-B143-5E5F32FD61C6}"
EndProject
Project("{FAE04EC0-301F-11D3-BF4B-00C04F79EFBC}") = "App6", "App6\App6\App6.csproj", "{5802DB58-FC21-49DF-B4FE-CA3773D24C8F}"
EndProject
Global
	GlobalSection(SolutionConfigurationPlatforms) = preSolution
		Ad-Hoc|Any CPU = Ad-Hoc|Any CPU
		Ad-Hoc|iPhone = Ad-Hoc|iPhone
		Ad-Hoc|iPhoneSimulator = Ad-Hoc|iPhoneSimulator
		AppStore|Any CPU = AppStore|Any CPU
		AppStore|iPhone = AppStore|iPhone
		AppStore|iPhoneSimulator = AppStore|iPhoneSimulator
		Debug|Any CPU = Debug|Any CPU
		Debug|iPhone = Debug|iPhone
		Debug|iPhoneSimulator = Debug|iPhoneSimulator
		Release|Any CPU = Release|Any CPU
		Release|iPhone = Release|iPhone
		Release|iPhoneSimulator = Release|iPhoneSimulator
	EndGlobalSection
	GlobalSection(ProjectConfigurationPlatforms) = postSolution
		{ABE98837-29A8-4FC4-9F9D-BEC69EC41361}.Ad-Hoc|Any CPU.ActiveCfg = Release|Any CPU
		{ABE98837-29A8-4FC4-9F9D-BEC69EC41361}.Ad-Hoc|Any CPU.Build.0 = Release|Any CPU
		{ABE98837-29A8-4FC4-9F9D-BEC69EC41361}.Ad-Hoc|Any CPU.Deploy.0 = Release|Any CPU
		{ABE98837-29A8-4FC4-9F9D-BEC69EC41361}.Ad-Hoc|iPhone.ActiveCfg = Release|Any CPU
		{ABE98837-29A8-4FC4-9F9D-BEC69EC41361}.Ad-Hoc|iPhone.Build.0 = Release|Any CPU
		{ABE98837-29A8-4FC4-9F9D-BEC69EC41361}.Ad-Hoc|iPhone.Deploy.0 = Release|Any CPU
		{ABE98837-29A8-4FC4-9F9D-BEC69EC41361}.Ad-Hoc|iPhoneSimulator.ActiveCfg = Release|Any CPU
		{ABE98837-29A8-4FC4-9F9D-BEC69EC41361}.Ad-Hoc|iPhoneSimulator.Build.0 = Release|Any CPU
		{ABE98837-29A8-4FC4-9F9D-BEC69EC41361}.Ad-Hoc|iPhoneSimulator.Deploy.0 = Release|Any CPU
		{ABE98837-29A8-4FC4-9F9D-BEC69EC41361}.AppStore|Any CPU.ActiveCfg = Release|Any CPU
		{ABE98837-29A8-4FC4-9F9D-BEC69EC41361}.AppStore|Any CPU.Build.0 = Release|Any CPU
		{ABE98837-29A8-4FC4-9F9D-BEC69EC41361}.AppStore|Any CPU.Deploy.0 = Release|Any CPU
		{ABE98837-29A8-4FC4-9F9D-BEC69EC41361}.AppStore|iPhone.ActiveCfg = Release|Any CPU
		{ABE98837-29A8-4FC4-9F9D-BEC69EC41361}.AppStore|iPhone.Build.0 = Release|Any CPU
		{ABE98837-29A8-4FC4-9F9D-BEC69EC41361}.AppStore|iPhone.Deploy.0 = Release|Any CPU
		{ABE98837-29A8-4FC4-9F9D-BEC69EC41361}.AppStore|iPhoneSimulator.ActiveCfg = Release|Any CPU
		{ABE98837-29A8-4FC4-9F9D-BEC69EC41361}.AppStore|iPhoneSimulator.Build.0 = Release|Any CPU
		{ABE98837-29A8-4FC4-9F9D-BEC69EC41361}.AppStore|iPhoneSimulator.Deploy.0 = Release|Any CPU
		{ABE98837-29A8-4FC4-9F9D-BEC69EC41361}.Debug|Any CPU.ActiveCfg = Debug|Any CPU
		{ABE98837-29A8-4FC4-9F9D-BEC69EC41361}.Debug|Any CPU.Build.0 = Debug|Any CPU
		{ABE98837-29A8-4FC4-9F9D-BEC69EC41361}.Debug|Any CPU.Deploy.0 = Debug|Any CPU
		{ABE98837-29A8-4FC4-9F9D-BEC69EC41361}.Debug|iPhone.ActiveCfg = Debug|Any CPU
		{ABE98837-29A8-4FC4-9F9D-BEC69EC41361}.Debug|iPhone.Build.0 = Debug|Any CPU
		{ABE98837-29A8-4FC4-9F9D-BEC69EC41361}.Debug|iPhone.Deploy.0 = Debug|Any CPU
		{ABE98837-29A8-4FC4-9F9D-BEC69EC41361}.Debug|iPhoneSimulator.ActiveCfg = Debug|Any CPU
		{ABE98837-29A8-4FC4-9F9D-BEC69EC41361}.Debug|iPhoneSimulator.Build.0 = Debug|Any CPU
		{ABE98837-29A8-4FC4-9F9D-BEC69EC41361}.Debug|iPhoneSimulator.Deploy.0 = Debug|Any CPU
		{ABE98837-29A8-4FC4-9F9D-BEC69EC41361}.Release|Any CPU.ActiveCfg = Release|Any CPU
		{ABE98837-29A8-4FC4-9F9D-BEC69EC41361}.Release|Any CPU.Build.0 = Release|Any CPU
		{ABE98837-29A8-4FC4-9F9D-BEC69EC41361}.Release|Any CPU.Deploy.0 = Release|Any CPU
		{ABE98837-29A8-4FC4-9F9D-BEC69EC41361}.Release|iPhone.ActiveCfg = Release|Any CPU
		{ABE98837-29A8-4FC4-9F9D-BEC69EC41361}.Release|iPhone.Build.0 = Release|Any CPU
		{ABE98837-29A8-4FC4-9F9D-BEC69EC41361}.Release|iPhone.Deploy.0 = Release|Any CPU
		{ABE98837-29A8-4FC4-9F9D-BEC69EC41361}.Release|iPhoneSimulator.ActiveCfg = Release|Any CPU
		{ABE98837-29A8-4FC4-9F9D-BEC69EC41361}.Release|iPhoneSimulator.Build.0 = Release|Any CPU
		{ABE98837-29A8-4FC4-9F9D-BEC69EC41361}.Release|iPhoneSimulator.Deploy.0 = Release|Any CPU
		{B47343FC-7709-4281-B143-5E5F32FD61C6}.Ad-Hoc|Any CPU.ActiveCfg = Ad-Hoc|iPhone
		{B47343FC-7709-4281-B143-5E5F32FD61C6}.Ad-Hoc|Any CPU.Build.0 = Ad-Hoc|iPhone
		{B47343FC-7709-4281-B143-5E5F32FD61C6}.Ad-Hoc|Any CPU.Deploy.0 = Ad-Hoc|iPhone
		{B47343FC-7709-4281-B143-5E5F32FD61C6}.Ad-Hoc|iPhone.ActiveCfg = Ad-Hoc|iPhone
		{B47343FC-7709-4281-B143-5E5F32FD61C6}.Ad-Hoc|iPhone.Build.0 = Ad-Hoc|iPhone
		{B47343FC-7709-4281-B143-5E5F32FD61C6}.Ad-Hoc|iPhone.Deploy.0 = Ad-Hoc|iPhone
		{B47343FC-7709-4281-B143-5E5F32FD61C6}.Ad-Hoc|iPhoneSimulator.ActiveCfg = Ad-Hoc|iPhoneSimulator
		{B47343FC-7709-4281-B143-5E5F32FD61C6}.Ad-Hoc|iPhoneSimulator.Build.0 = Ad-Hoc|iPhoneSimulator
		{B47343FC-7709-4281-B143-5E5F32FD61C6}.Ad-Hoc|iPhoneSimulator.Deploy.0 = Ad-Hoc|iPhoneSimulator
		{B47343FC-7709-4281-B143-5E5F32FD61C6}.AppStore|Any CPU.ActiveCfg = AppStore|iPhone
		{B47343FC-7709-4281-B143-5E5F32FD61C6}.AppStore|Any CPU.Build.0 = AppStore|iPhone
		{B47343FC-7709-4281-B143-5E5F32FD61C6}.AppStore|Any CPU.Deploy.0 = AppStore|iPhone
		{B47343FC-7709-4281-B143-5E5F32FD61C6}.AppStore|iPhone.ActiveCfg = AppStore|iPhone
		{B47343FC-7709-4281-B143-5E5F32FD61C6}.AppStore|iPhone.Build.0 = AppStore|iPhone
		{B47343FC-7709-4281-B143-5E5F32FD61C6}.AppStore|iPhone.Deploy.0 = AppStore|iPhone
		{B47343FC-7709-4281-B143-5E5F32FD61C6}.AppStore|iPhoneSimulator.ActiveCfg = AppStore|iPhoneSimulator
		{B47343FC-7709-4281-B143-5E5F32FD61C6}.AppStore|iPhoneSimulator.Build.0 = AppStore|iPhoneSimulator
		{B47343FC-7709-4281-B143-5E5F32FD61C6}.AppStore|iPhoneSimulator.Deploy.0 = AppStore|iPhoneSimulator
		{B47343FC-7709-4281-B143-5E5F32FD61C6}.Debug|Any CPU.ActiveCfg = Debug|iPhoneSimulator
		{B47343FC-7709-4281-B143-5E5F32FD61C6}.Debug|Any CPU.Build.0 = Debug|iPhoneSimulator
		{B47343FC-7709-4281-B143-5E5F32FD61C6}.Debug|Any CPU.Deploy.0 = Debug|iPhoneSimulator
		{B47343FC-7709-4281-B143-5E5F32FD61C6}.Debug|iPhone.ActiveCfg = Debug|iPhone
		{B47343FC-7709-4281-B143-5E5F32FD61C6}.Debug|iPhone.Build.0 = Debug|iPhone
		{B47343FC-7709-4281-B143-5E5F32FD61C6}.Debug|iPhone.Deploy.0 = Debug|iPhone
		{B47343FC-7709-4281-B143-5E5F32FD61C6}.Debug|iPhoneSimulator.ActiveCfg = Debug|iPhoneSimulator
		{B47343FC-7709-4281-B143-5E5F32FD61C6}.Debug|iPhoneSimulator.Build.0 = Debug|iPhoneSimulator
		{B47343FC-7709-4281-B143-5E5F32FD61C6}.Debug|iPhoneSimulator.Deploy.0 = Debug|iPhoneSimulator
		{B47343FC-7709-4281-B143-5E5F32FD61C6}.Release|Any CPU.ActiveCfg = Release|iPhone
		{B47343FC-7709-4281-B143-5E5F32FD61C6}.Release|Any CPU.Build.0 = Release|iPhone
		{B47343FC-7709-4281-B143-5E5F32FD61C6}.Release|Any CPU.Deploy.0 = Release|iPhone
		{B47343FC-7709-4281-B143-5E5F32FD61C6}.Release|iPhone.ActiveCfg = Release|iPhone
		{B47343FC-7709-4281-B143-5E5F32FD61C6}.Release|iPhone.Build.0 = Release|iPhone
		{B47343FC-7709-4281-B143-5E5F32FD61C6}.Release|iPhone.Deploy.0 = Release|iPhone
		{B47343FC-7709-4281-B143-5E5F32FD61C6}.Release|iPhoneSimulator.ActiveCfg = Release|iPhoneSimulator
		{B47343FC-7709-4281-B143-5E5F32FD61C6}.Release|iPhoneSimulator.Build.0 = Release|iPhoneSimulator
		{B47343FC-7709-4281-B143-5E5F32FD61C6}.Release|iPhoneSimulator.Deploy.0 = Release|iPhoneSimulator
		{5802DB58-FC21-49DF-B4FE-CA3773D24C8F}.Ad-Hoc|Any CPU.ActiveCfg = Debug|Any CPU
		{5802DB58-FC21-49DF-B4FE-CA3773D24C8F}.Ad-Hoc|Any CPU.Build.0 = Debug|Any CPU
		{5802DB58-FC21-49DF-B4FE-CA3773D24C8F}.Ad-Hoc|Any CPU.Deploy.0 = Debug|Any CPU
		{5802DB58-FC21-49DF-B4FE-CA3773D24C8F}.Ad-Hoc|iPhone.ActiveCfg = Debug|Any CPU
		{5802DB58-FC21-49DF-B4FE-CA3773D24C8F}.Ad-Hoc|iPhone.Build.0 = Debug|Any CPU
		{5802DB58-FC21-49DF-B4FE-CA3773D24C8F}.Ad-Hoc|iPhone.Deploy.0 = Debug|Any CPU
		{5802DB58-FC21-49DF-B4FE-CA3773D24C8F}.Ad-Hoc|iPhoneSimulator.ActiveCfg = Debug|Any CPU
		{5802DB58-FC21-49DF-B4FE-CA3773D24C8F}.Ad-Hoc|iPhoneSimulator.Build.0 = Debug|Any CPU
		{5802DB58-FC21-49DF-B4FE-CA3773D24C8F}.Ad-Hoc|iPhoneSimulator.Deploy.0 = Debug|Any CPU
		{5802DB58-FC21-49DF-B4FE-CA3773D24C8F}.AppStore|Any CPU.ActiveCfg = Debug|Any CPU
		{5802DB58-FC21-49DF-B4FE-CA3773D24C8F}.AppStore|Any CPU.Build.0 = Debug|Any CPU
		{5802DB58-FC21-49DF-B4FE-CA3773D24C8F}.AppStore|Any CPU.Deploy.0 = Debug|Any CPU
		{5802DB58-FC21-49DF-B4FE-CA3773D24C8F}.AppStore|iPhone.ActiveCfg = Debug|Any CPU
		{5802DB58-FC21-49DF-B4FE-CA3773D24C8F}.AppStore|iPhone.Build.0 = Debug|Any CPU
		{5802DB58-FC21-49DF-B4FE-CA3773D24C8F}.AppStore|iPhone.Deploy.0 = Debug|Any CPU
		{5802DB58-FC21-49DF-B4FE-CA3773D24C8F}.AppStore|iPhoneSimulator.ActiveCfg = Debug|Any CPU
		{5802DB58-FC21-49DF-B4FE-CA3773D24C8F}.AppStore|iPhoneSimulator.Build.0 = Debug|Any CPU
		{5802DB58-FC21-49DF-B4FE-CA3773D24C8F}.AppStore|iPhoneSimulator.Deploy.0 = Debug|Any CPU
		{5802DB58-FC21-49DF-B4FE-CA3773D24C8F}.Debug|Any CPU.ActiveCfg = Debug|Any CPU
		{5802DB58-FC21-49DF-B4FE-CA3773D24C8F}.Debug|Any CPU.Build.0 = Debug|Any CPU
		{5802DB58-FC21-49DF-B4FE-CA3773D24C8F}.Debug|Any CPU.Deploy.0 = Debug|Any CPU
		{5802DB58-FC21-49DF-B4FE-CA3773D24C8F}.Debug|iPhone.ActiveCfg = Debug|Any CPU
		{5802DB58-FC21-49DF-B4FE-CA3773D24C8F}.Debug|iPhone.Build.0 = Debug|Any CPU
		{5802DB58-FC21-49DF-B4FE-CA3773D24C8F}.Debug|iPhone.Deploy.0 = Debug|Any CPU
		{5802DB58-FC21-49DF-B4FE-CA3773D24C8F}.Debug|iPhoneSimulator.ActiveCfg = Debug|Any CPU
		{5802DB58-FC21-49DF-B4FE-CA3773D24C8F}.Debug|iPhoneSimulator.Build.0 = Debug|Any CPU
		{5802DB58-FC21-49DF-B4FE-CA3773D24C8F}.Debug|iPhoneSimulator.Deploy.0 = Debug|Any CPU
		{5802DB58-FC21-49DF-B4FE-CA3773D24C8F}.Release|Any CPU.ActiveCfg = Release|Any CPU
		{5802DB58-FC21-49DF-B4FE-CA3773D24C8F}.Release|Any CPU.Build.0 = Release|Any CPU
		{5802DB58-FC21-49DF-B4FE-CA3773D24C8F}.Release|Any CPU.Deploy.0 = Release|Any CPU
		{5802DB58-FC21-49DF-B4FE-CA3773D24C8F}.Release|iPhone.ActiveCfg = Release|Any CPU
		{5802DB58-FC21-49DF-B4FE-CA3773D24C8F}.Release|iPhone.Build.0 = Release|Any CPU
		{5802DB58-FC21-49DF-B4FE-CA3773D24C8F}.Release|iPhone.Deploy.0 = Release|Any CPU
		{5802DB58-FC21-49DF-B4FE-CA3773D24C8F}.Release|iPhoneSimulator.ActiveCfg = Release|Any CPU
		{5802DB58-FC21-49DF-B4FE-CA3773D24C8F}.Release|iPhoneSimulator.Build.0 = Release|Any CPU
		{5802DB58-FC21-49DF-B4FE-CA3773D24C8F}.Release|iPhoneSimulator.Deploy.0 = Release|Any CPU
	EndGlobalSection
	GlobalSection(SolutionProperties) = preSolution
		HideSolutionNode = FALSE
	EndGlobalSection
	GlobalSection(ExtensibilityGlobals) = postSolution
		SolutionGuid = {BD746484-3732-4727-A01F-A01967B2FBD3}
	EndGlobalSection
EndGlobal
